PODS:
  - MoeAlert (0.1.0)
  - MoeCommon (0.1.2):
    - MoeCommon/Base (= 0.1.2)
    - MoeCommon/Extension (= 0.1.2)
    - MoeCommon/Runtime (= 0.1.2)
  - MoeCommon/Base (0.1.2)
  - MoeCommon/Extension (0.1.2)
  - MoeCommon/Runtime (0.1.2):
    - MoeCommon/Base
    - MoeCommon/Extension
  - MoeUI (1.3.0):
    - MoeCommon
    - MoeUI/Alert (= 1.3.0)
    - MoeUI/Designator (= 1.3.0)
    - MoeUI/PanDrawer (= 1.3.0)
    - MoeUI/Unity (= 1.3.0)
  - MoeUI/Alert (1.3.0):
    - MoeCommon
    - MoeUI/Designator
    - MoeUI/Unity
  - MoeUI/Designator (1.3.0):
    - MoeCommon
  - MoeUI/PanDrawer (1.3.0):
    - MoeCommon
  - MoeUI/Unity (1.3.0):
    - MoeCommon
  - SnapKit (4.2.0)

DEPENDENCIES:
  - MoeAlert (from `../`)
  - MoeCommon (from `https://github.com/linyanzuo/MoeCommon.git`)
  - MoeUI (from `https://github.com/linyanzuo/MoeUI.git`)
  - SnapKit (~> 4.2.0)

SPEC REPOS:
  trunk:
    - SnapKit

EXTERNAL SOURCES:
  MoeAlert:
    :path: "../"
  MoeCommon:
    :git: https://github.com/linyanzuo/MoeCommon.git
  MoeUI:
    :git: https://github.com/linyanzuo/MoeUI.git

CHECKOUT OPTIONS:
  MoeCommon:
    :commit: 0046bf01714f5e59b6d123f0dce925405fa6bd27
    :git: https://github.com/linyanzuo/MoeCommon.git
  MoeUI:
    :commit: a3f818f89ef05dc4c1e8e158b5d3d06cd24729d8
    :git: https://github.com/linyanzuo/MoeUI.git

SPEC CHECKSUMS:
  MoeAlert: f30615e16a3952fefccaf5df0310c28b82dcffb5
  MoeCommon: 58429fce47df711e46147d7d34c07648459012ef
  MoeUI: f2bcee7a24b63d6c48f4fbb78982d845f2929b15
  SnapKit: fe8a619752f3f27075cc9a90244d75c6c3f27e2a

PODFILE CHECKSUM: e5f782dea912ec8275b778290d841b855b35b26d

COCOAPODS: 1.10.0
